
Microsoft Visual Studio Solution File, Format Version 12.00
# Visual Studio Version 17
VisualStudioVersion = 17.6.33801.468
MinimumVisualStudioVersion = 10.0.40219.1
Project("{2150E333-8FDC-42A3-9474-1A3956D46DE8}") = "1 Presentation", "1 Presentation", "{5DF2477E-8B6F-4476-A812-2B6954D13912}"
EndProject
Project("{FAE04EC0-301F-11D3-BF4B-00C04F79EFBC}") = "Andreitoledo.SGC.Mvc", "src\Andreitoledo.SGC.Mvc\Andreitoledo.SGC.Mvc.csproj", "{883024DB-4777-4FD7-B3C9-0B09D8043714}"
EndProject
Global
	GlobalSection(SolutionConfigurationPlatforms) = preSolution
		Debug|Any CPU = Debug|Any CPU
		Release|Any CPU = Release|Any CPU
	EndGlobalSection
	GlobalSection(ProjectConfigurationPlatforms) = postSolution
		{883024DB-4777-4FD7-B3C9-0B09D8043714}.Debug|Any CPU.ActiveCfg = Debug|Any CPU
		{883024DB-4777-4FD7-B3C9-0B09D8043714}.Debug|Any CPU.Build.0 = Debug|Any CPU
		{883024DB-4777-4FD7-B3C9-0B09D8043714}.Release|Any CPU.ActiveCfg = Release|Any CPU
		{883024DB-4777-4FD7-B3C9-0B09D8043714}.Release|Any CPU.Build.0 = Release|Any CPU
	EndGlobalSection
	GlobalSection(SolutionProperties) = preSolution
		HideSolutionNode = FALSE
	EndGlobalSection
	GlobalSection(NestedProjects) = preSolution
		{883024DB-4777-4FD7-B3C9-0B09D8043714} = {5DF2477E-8B6F-4476-A812-2B6954D13912}
	EndGlobalSection
	GlobalSection(ExtensibilityGlobals) = postSolution
		SolutionGuid = {536C69EB-B1A3-4CF7-8ED1-BFAAF69D051D}
	EndGlobalSection
EndGlobal
